# generated by rye
# use `rye lock` or `rye sync` to update this lockfile
#
# last locked with the following flags:
#   pre: false
#   features: []
#   all-features: false
#   with-sources: false
#   generate-hashes: false
#   universal: false

-e file:.
black==25.1.0
    # via card-collector
blinker==1.9.0
    # via flask
cachelib==0.13.0
    # via flask-session
click==8.1.8
    # via black
    # via flask
colorama==0.4.6
    # via click
dnspython==2.7.0
    # via pymongo
flask==3.1.0
    # via card-collector
    # via flask-session
flask-session==0.8.0
    # via card-collector
itsdangerous==2.2.0
    # via flask
jinja2==3.1.5
    # via flask
markupsafe==3.0.2
    # via jinja2
    # via werkzeug
mongoengine==0.29.1
    # via card-collector
msgspec==0.19.0
    # via flask-session
mypy-extensions==1.0.0
    # via black
packaging==24.2
    # via black
pathspec==0.12.1
    # via black
platformdirs==4.3.6
    # via black
pymongo==4.11
    # via mongoengine
redis==5.2.1
    # via card-collector
werkzeug==3.1.3
    # via flask
